
Microsoft Visual Studio Solution File, Format Version 11.00
# Visual Studio 2010
Project("{FAE04EC0-301F-11D3-BF4B-00C04F79EFBC}") = "CommonLogic", "CommonLogic\CommonLogic.csproj", "{F24FDB91-C5A1-425D-8C03-4F1A75490CDD}"
EndProject
Project("{FAE04EC0-301F-11D3-BF4B-00C04F79EFBC}") = "UnitTest", "UnitTest\UnitTest.csproj", "{5093D062-E1B3-46C4-8720-88869B3BE083}"
EndProject
Project("{FAE04EC0-301F-11D3-BF4B-00C04F79EFBC}") = "MonoMedicalDroid", "MonoMedicalDroid\MonoMedicalDroid.csproj", "{E1C73F45-67D6-4F20-A399-AA1F6ACE1402}"
EndProject
Project("{FAE04EC0-301F-11D3-BF4B-00C04F79EFBC}") = "MonoMedicalIOS", "MonoMedicalIOS\MonoMedicalIOS.csproj", "{A56A505A-DE11-41FE-B273-C6B9217BF445}"
EndProject
Global
	GlobalSection(SolutionConfigurationPlatforms) = preSolution
		Debug|Any CPU = Debug|Any CPU
		Release|Any CPU = Release|Any CPU
		Debug|iPhoneSimulator = Debug|iPhoneSimulator
		Release|iPhoneSimulator = Release|iPhoneSimulator
		Debug|iPhone = Debug|iPhone
		Release|iPhone = Release|iPhone
		Ad-Hoc|iPhone = Ad-Hoc|iPhone
		AppStore|iPhone = AppStore|iPhone
	EndGlobalSection
	GlobalSection(ProjectConfigurationPlatforms) = postSolution
		{5093D062-E1B3-46C4-8720-88869B3BE083}.Ad-Hoc|iPhone.ActiveCfg = Debug|Any CPU
		{5093D062-E1B3-46C4-8720-88869B3BE083}.Ad-Hoc|iPhone.Build.0 = Debug|Any CPU
		{5093D062-E1B3-46C4-8720-88869B3BE083}.AppStore|iPhone.ActiveCfg = Debug|Any CPU
		{5093D062-E1B3-46C4-8720-88869B3BE083}.AppStore|iPhone.Build.0 = Debug|Any CPU
		{5093D062-E1B3-46C4-8720-88869B3BE083}.Debug|Any CPU.ActiveCfg = Debug|Any CPU
		{5093D062-E1B3-46C4-8720-88869B3BE083}.Debug|Any CPU.Build.0 = Debug|Any CPU
		{5093D062-E1B3-46C4-8720-88869B3BE083}.Debug|iPhone.ActiveCfg = Debug|Any CPU
		{5093D062-E1B3-46C4-8720-88869B3BE083}.Debug|iPhone.Build.0 = Debug|Any CPU
		{5093D062-E1B3-46C4-8720-88869B3BE083}.Debug|iPhoneSimulator.ActiveCfg = Debug|Any CPU
		{5093D062-E1B3-46C4-8720-88869B3BE083}.Debug|iPhoneSimulator.Build.0 = Debug|Any CPU
		{5093D062-E1B3-46C4-8720-88869B3BE083}.Release|Any CPU.ActiveCfg = Release|Any CPU
		{5093D062-E1B3-46C4-8720-88869B3BE083}.Release|Any CPU.Build.0 = Release|Any CPU
		{5093D062-E1B3-46C4-8720-88869B3BE083}.Release|iPhone.ActiveCfg = Release|Any CPU
		{5093D062-E1B3-46C4-8720-88869B3BE083}.Release|iPhone.Build.0 = Release|Any CPU
		{5093D062-E1B3-46C4-8720-88869B3BE083}.Release|iPhoneSimulator.ActiveCfg = Release|Any CPU
		{5093D062-E1B3-46C4-8720-88869B3BE083}.Release|iPhoneSimulator.Build.0 = Release|Any CPU
		{A56A505A-DE11-41FE-B273-C6B9217BF445}.Ad-Hoc|iPhone.ActiveCfg = Ad-Hoc|iPhone
		{A56A505A-DE11-41FE-B273-C6B9217BF445}.Ad-Hoc|iPhone.Build.0 = Ad-Hoc|iPhone
		{A56A505A-DE11-41FE-B273-C6B9217BF445}.AppStore|iPhone.ActiveCfg = AppStore|iPhone
		{A56A505A-DE11-41FE-B273-C6B9217BF445}.AppStore|iPhone.Build.0 = AppStore|iPhone
		{A56A505A-DE11-41FE-B273-C6B9217BF445}.Debug|Any CPU.ActiveCfg = Debug|iPhoneSimulator
		{A56A505A-DE11-41FE-B273-C6B9217BF445}.Debug|Any CPU.Build.0 = Debug|iPhoneSimulator
		{A56A505A-DE11-41FE-B273-C6B9217BF445}.Debug|iPhone.ActiveCfg = Debug|iPhone
		{A56A505A-DE11-41FE-B273-C6B9217BF445}.Debug|iPhone.Build.0 = Debug|iPhone
		{A56A505A-DE11-41FE-B273-C6B9217BF445}.Debug|iPhoneSimulator.ActiveCfg = Debug|iPhoneSimulator
		{A56A505A-DE11-41FE-B273-C6B9217BF445}.Debug|iPhoneSimulator.Build.0 = Debug|iPhoneSimulator
		{A56A505A-DE11-41FE-B273-C6B9217BF445}.Release|Any CPU.ActiveCfg = Release|iPhoneSimulator
		{A56A505A-DE11-41FE-B273-C6B9217BF445}.Release|Any CPU.Build.0 = Release|iPhoneSimulator
		{A56A505A-DE11-41FE-B273-C6B9217BF445}.Release|iPhone.ActiveCfg = Release|iPhone
		{A56A505A-DE11-41FE-B273-C6B9217BF445}.Release|iPhone.Build.0 = Release|iPhone
		{A56A505A-DE11-41FE-B273-C6B9217BF445}.Release|iPhoneSimulator.ActiveCfg = Release|iPhoneSimulator
		{A56A505A-DE11-41FE-B273-C6B9217BF445}.Release|iPhoneSimulator.Build.0 = Release|iPhoneSimulator
		{E1C73F45-67D6-4F20-A399-AA1F6ACE1402}.Ad-Hoc|iPhone.ActiveCfg = Debug|Any CPU
		{E1C73F45-67D6-4F20-A399-AA1F6ACE1402}.Ad-Hoc|iPhone.Build.0 = Debug|Any CPU
		{E1C73F45-67D6-4F20-A399-AA1F6ACE1402}.AppStore|iPhone.ActiveCfg = Debug|Any CPU
		{E1C73F45-67D6-4F20-A399-AA1F6ACE1402}.AppStore|iPhone.Build.0 = Debug|Any CPU
		{E1C73F45-67D6-4F20-A399-AA1F6ACE1402}.Debug|Any CPU.ActiveCfg = Debug|Any CPU
		{E1C73F45-67D6-4F20-A399-AA1F6ACE1402}.Debug|Any CPU.Build.0 = Debug|Any CPU
		{E1C73F45-67D6-4F20-A399-AA1F6ACE1402}.Debug|iPhone.ActiveCfg = Debug|Any CPU
		{E1C73F45-67D6-4F20-A399-AA1F6ACE1402}.Debug|iPhone.Build.0 = Debug|Any CPU
		{E1C73F45-67D6-4F20-A399-AA1F6ACE1402}.Debug|iPhoneSimulator.ActiveCfg = Debug|Any CPU
		{E1C73F45-67D6-4F20-A399-AA1F6ACE1402}.Debug|iPhoneSimulator.Build.0 = Debug|Any CPU
		{E1C73F45-67D6-4F20-A399-AA1F6ACE1402}.Release|Any CPU.ActiveCfg = Release|Any CPU
		{E1C73F45-67D6-4F20-A399-AA1F6ACE1402}.Release|Any CPU.Build.0 = Release|Any CPU
		{E1C73F45-67D6-4F20-A399-AA1F6ACE1402}.Release|iPhone.ActiveCfg = Release|Any CPU
		{E1C73F45-67D6-4F20-A399-AA1F6ACE1402}.Release|iPhone.Build.0 = Release|Any CPU
		{E1C73F45-67D6-4F20-A399-AA1F6ACE1402}.Release|iPhoneSimulator.ActiveCfg = Release|Any CPU
		{E1C73F45-67D6-4F20-A399-AA1F6ACE1402}.Release|iPhoneSimulator.Build.0 = Release|Any CPU
		{F24FDB91-C5A1-425D-8C03-4F1A75490CDD}.Ad-Hoc|iPhone.ActiveCfg = Debug|Any CPU
		{F24FDB91-C5A1-425D-8C03-4F1A75490CDD}.Ad-Hoc|iPhone.Build.0 = Debug|Any CPU
		{F24FDB91-C5A1-425D-8C03-4F1A75490CDD}.AppStore|iPhone.ActiveCfg = Debug|Any CPU
		{F24FDB91-C5A1-425D-8C03-4F1A75490CDD}.AppStore|iPhone.Build.0 = Debug|Any CPU
		{F24FDB91-C5A1-425D-8C03-4F1A75490CDD}.Debug|Any CPU.ActiveCfg = Debug|Any CPU
		{F24FDB91-C5A1-425D-8C03-4F1A75490CDD}.Debug|Any CPU.Build.0 = Debug|Any CPU
		{F24FDB91-C5A1-425D-8C03-4F1A75490CDD}.Debug|iPhone.ActiveCfg = Debug|Any CPU
		{F24FDB91-C5A1-425D-8C03-4F1A75490CDD}.Debug|iPhone.Build.0 = Debug|Any CPU
		{F24FDB91-C5A1-425D-8C03-4F1A75490CDD}.Debug|iPhoneSimulator.ActiveCfg = Debug|Any CPU
		{F24FDB91-C5A1-425D-8C03-4F1A75490CDD}.Debug|iPhoneSimulator.Build.0 = Debug|Any CPU
		{F24FDB91-C5A1-425D-8C03-4F1A75490CDD}.Release|Any CPU.ActiveCfg = Release|Any CPU
		{F24FDB91-C5A1-425D-8C03-4F1A75490CDD}.Release|Any CPU.Build.0 = Release|Any CPU
		{F24FDB91-C5A1-425D-8C03-4F1A75490CDD}.Release|iPhone.ActiveCfg = Release|Any CPU
		{F24FDB91-C5A1-425D-8C03-4F1A75490CDD}.Release|iPhone.Build.0 = Release|Any CPU
		{F24FDB91-C5A1-425D-8C03-4F1A75490CDD}.Release|iPhoneSimulator.ActiveCfg = Release|Any CPU
		{F24FDB91-C5A1-425D-8C03-4F1A75490CDD}.Release|iPhoneSimulator.Build.0 = Release|Any CPU
	EndGlobalSection
	GlobalSection(MonoDevelopProperties) = preSolution
		StartupItem = CommonLogic\CommonLogic.csproj
	EndGlobalSection
EndGlobal
