
Microsoft Visual Studio Solution File, Format Version 12.00
# Visual Studio 2012
Project("{FAE04EC0-301F-11D3-BF4B-00C04F79EFBC}") = "CommonLogic", "CommonLogic\CommonLogic.csproj", "{F24FDB91-C5A1-425D-8C03-4F1A75490CDD}"
EndProject
Project("{FAE04EC0-301F-11D3-BF4B-00C04F79EFBC}") = "UnitTest", "UnitTest\UnitTest.csproj", "{5093D062-E1B3-46C4-8720-88869B3BE083}"
EndProject
Project("{FAE04EC0-301F-11D3-BF4B-00C04F79EFBC}") = "MonoMedicalDroid", "MonoMedicalDroid\MonoMedicalDroid.csproj", "{E1C73F45-67D6-4F20-A399-AA1F6ACE1402}"
EndProject
Project("{FAE04EC0-301F-11D3-BF4B-00C04F79EFBC}") = "MonoMedicalIOS", "MonoMedicalIOS\MonoMedicalIOS.csproj", "{A56A505A-DE11-41FE-B273-C6B9217BF445}"
EndProject
Project("{FAE04EC0-301F-11D3-BF4B-00C04F79EFBC}") = "MonoPhone8", "MonoPhone8\MonoPhone8.csproj", "{DB4F4904-EF0D-4963-977C-A89690CD9F29}"
EndProject
Global
	GlobalSection(SolutionConfigurationPlatforms) = preSolution
		Ad-Hoc|Any CPU = Ad-Hoc|Any CPU
		Ad-Hoc|ARM = Ad-Hoc|ARM
		Ad-Hoc|iPhone = Ad-Hoc|iPhone
		Ad-Hoc|iPhoneSimulator = Ad-Hoc|iPhoneSimulator
		Ad-Hoc|x86 = Ad-Hoc|x86
		AppStore|Any CPU = AppStore|Any CPU
		AppStore|ARM = AppStore|ARM
		AppStore|iPhone = AppStore|iPhone
		AppStore|iPhoneSimulator = AppStore|iPhoneSimulator
		AppStore|x86 = AppStore|x86
		Debug|Any CPU = Debug|Any CPU
		Debug|ARM = Debug|ARM
		Debug|iPhone = Debug|iPhone
		Debug|iPhoneSimulator = Debug|iPhoneSimulator
		Debug|x86 = Debug|x86
		Release|Any CPU = Release|Any CPU
		Release|ARM = Release|ARM
		Release|iPhone = Release|iPhone
		Release|iPhoneSimulator = Release|iPhoneSimulator
		Release|x86 = Release|x86
	EndGlobalSection
	GlobalSection(ProjectConfigurationPlatforms) = postSolution
		{F24FDB91-C5A1-425D-8C03-4F1A75490CDD}.Ad-Hoc|Any CPU.ActiveCfg = Release|Any CPU
		{F24FDB91-C5A1-425D-8C03-4F1A75490CDD}.Ad-Hoc|Any CPU.Build.0 = Release|Any CPU
		{F24FDB91-C5A1-425D-8C03-4F1A75490CDD}.Ad-Hoc|ARM.ActiveCfg = Debug|Any CPU
		{F24FDB91-C5A1-425D-8C03-4F1A75490CDD}.Ad-Hoc|iPhone.ActiveCfg = Debug|Any CPU
		{F24FDB91-C5A1-425D-8C03-4F1A75490CDD}.Ad-Hoc|iPhone.Build.0 = Debug|Any CPU
		{F24FDB91-C5A1-425D-8C03-4F1A75490CDD}.Ad-Hoc|iPhoneSimulator.ActiveCfg = Release|Any CPU
		{F24FDB91-C5A1-425D-8C03-4F1A75490CDD}.Ad-Hoc|x86.ActiveCfg = Debug|Any CPU
		{F24FDB91-C5A1-425D-8C03-4F1A75490CDD}.AppStore|Any CPU.ActiveCfg = Release|Any CPU
		{F24FDB91-C5A1-425D-8C03-4F1A75490CDD}.AppStore|Any CPU.Build.0 = Release|Any CPU
		{F24FDB91-C5A1-425D-8C03-4F1A75490CDD}.AppStore|ARM.ActiveCfg = Debug|Any CPU
		{F24FDB91-C5A1-425D-8C03-4F1A75490CDD}.AppStore|iPhone.ActiveCfg = Debug|Any CPU
		{F24FDB91-C5A1-425D-8C03-4F1A75490CDD}.AppStore|iPhone.Build.0 = Debug|Any CPU
		{F24FDB91-C5A1-425D-8C03-4F1A75490CDD}.AppStore|iPhoneSimulator.ActiveCfg = Release|Any CPU
		{F24FDB91-C5A1-425D-8C03-4F1A75490CDD}.AppStore|x86.ActiveCfg = Debug|Any CPU
		{F24FDB91-C5A1-425D-8C03-4F1A75490CDD}.Debug|Any CPU.ActiveCfg = Debug|Any CPU
		{F24FDB91-C5A1-425D-8C03-4F1A75490CDD}.Debug|Any CPU.Build.0 = Debug|Any CPU
		{F24FDB91-C5A1-425D-8C03-4F1A75490CDD}.Debug|ARM.ActiveCfg = Debug|Any CPU
		{F24FDB91-C5A1-425D-8C03-4F1A75490CDD}.Debug|iPhone.ActiveCfg = Debug|Any CPU
		{F24FDB91-C5A1-425D-8C03-4F1A75490CDD}.Debug|iPhone.Build.0 = Debug|Any CPU
		{F24FDB91-C5A1-425D-8C03-4F1A75490CDD}.Debug|iPhoneSimulator.ActiveCfg = Debug|Any CPU
		{F24FDB91-C5A1-425D-8C03-4F1A75490CDD}.Debug|iPhoneSimulator.Build.0 = Debug|Any CPU
		{F24FDB91-C5A1-425D-8C03-4F1A75490CDD}.Debug|x86.ActiveCfg = Debug|Any CPU
		{F24FDB91-C5A1-425D-8C03-4F1A75490CDD}.Release|Any CPU.ActiveCfg = Release|Any CPU
		{F24FDB91-C5A1-425D-8C03-4F1A75490CDD}.Release|Any CPU.Build.0 = Release|Any CPU
		{F24FDB91-C5A1-425D-8C03-4F1A75490CDD}.Release|ARM.ActiveCfg = Release|Any CPU
		{F24FDB91-C5A1-425D-8C03-4F1A75490CDD}.Release|iPhone.ActiveCfg = Release|Any CPU
		{F24FDB91-C5A1-425D-8C03-4F1A75490CDD}.Release|iPhone.Build.0 = Release|Any CPU
		{F24FDB91-C5A1-425D-8C03-4F1A75490CDD}.Release|iPhoneSimulator.ActiveCfg = Release|Any CPU
		{F24FDB91-C5A1-425D-8C03-4F1A75490CDD}.Release|iPhoneSimulator.Build.0 = Release|Any CPU
		{F24FDB91-C5A1-425D-8C03-4F1A75490CDD}.Release|x86.ActiveCfg = Release|Any CPU
		{5093D062-E1B3-46C4-8720-88869B3BE083}.Ad-Hoc|Any CPU.ActiveCfg = Release|Any CPU
		{5093D062-E1B3-46C4-8720-88869B3BE083}.Ad-Hoc|Any CPU.Build.0 = Release|Any CPU
		{5093D062-E1B3-46C4-8720-88869B3BE083}.Ad-Hoc|ARM.ActiveCfg = Debug|Any CPU
		{5093D062-E1B3-46C4-8720-88869B3BE083}.Ad-Hoc|iPhone.ActiveCfg = Debug|Any CPU
		{5093D062-E1B3-46C4-8720-88869B3BE083}.Ad-Hoc|iPhone.Build.0 = Debug|Any CPU
		{5093D062-E1B3-46C4-8720-88869B3BE083}.Ad-Hoc|iPhoneSimulator.ActiveCfg = Release|Any CPU
		{5093D062-E1B3-46C4-8720-88869B3BE083}.Ad-Hoc|x86.ActiveCfg = Debug|Any CPU
		{5093D062-E1B3-46C4-8720-88869B3BE083}.AppStore|Any CPU.ActiveCfg = Release|Any CPU
		{5093D062-E1B3-46C4-8720-88869B3BE083}.AppStore|Any CPU.Build.0 = Release|Any CPU
		{5093D062-E1B3-46C4-8720-88869B3BE083}.AppStore|ARM.ActiveCfg = Debug|Any CPU
		{5093D062-E1B3-46C4-8720-88869B3BE083}.AppStore|iPhone.ActiveCfg = Debug|Any CPU
		{5093D062-E1B3-46C4-8720-88869B3BE083}.AppStore|iPhone.Build.0 = Debug|Any CPU
		{5093D062-E1B3-46C4-8720-88869B3BE083}.AppStore|iPhoneSimulator.ActiveCfg = Release|Any CPU
		{5093D062-E1B3-46C4-8720-88869B3BE083}.AppStore|x86.ActiveCfg = Debug|Any CPU
		{5093D062-E1B3-46C4-8720-88869B3BE083}.Debug|Any CPU.ActiveCfg = Debug|Any CPU
		{5093D062-E1B3-46C4-8720-88869B3BE083}.Debug|Any CPU.Build.0 = Debug|Any CPU
		{5093D062-E1B3-46C4-8720-88869B3BE083}.Debug|ARM.ActiveCfg = Debug|Any CPU
		{5093D062-E1B3-46C4-8720-88869B3BE083}.Debug|iPhone.ActiveCfg = Debug|Any CPU
		{5093D062-E1B3-46C4-8720-88869B3BE083}.Debug|iPhone.Build.0 = Debug|Any CPU
		{5093D062-E1B3-46C4-8720-88869B3BE083}.Debug|iPhoneSimulator.ActiveCfg = Debug|Any CPU
		{5093D062-E1B3-46C4-8720-88869B3BE083}.Debug|iPhoneSimulator.Build.0 = Debug|Any CPU
		{5093D062-E1B3-46C4-8720-88869B3BE083}.Debug|x86.ActiveCfg = Debug|Any CPU
		{5093D062-E1B3-46C4-8720-88869B3BE083}.Release|Any CPU.ActiveCfg = Release|Any CPU
		{5093D062-E1B3-46C4-8720-88869B3BE083}.Release|Any CPU.Build.0 = Release|Any CPU
		{5093D062-E1B3-46C4-8720-88869B3BE083}.Release|ARM.ActiveCfg = Release|Any CPU
		{5093D062-E1B3-46C4-8720-88869B3BE083}.Release|iPhone.ActiveCfg = Release|Any CPU
		{5093D062-E1B3-46C4-8720-88869B3BE083}.Release|iPhone.Build.0 = Release|Any CPU
		{5093D062-E1B3-46C4-8720-88869B3BE083}.Release|iPhoneSimulator.ActiveCfg = Release|Any CPU
		{5093D062-E1B3-46C4-8720-88869B3BE083}.Release|iPhoneSimulator.Build.0 = Release|Any CPU
		{5093D062-E1B3-46C4-8720-88869B3BE083}.Release|x86.ActiveCfg = Release|Any CPU
		{E1C73F45-67D6-4F20-A399-AA1F6ACE1402}.Ad-Hoc|Any CPU.ActiveCfg = Release|Any CPU
		{E1C73F45-67D6-4F20-A399-AA1F6ACE1402}.Ad-Hoc|Any CPU.Build.0 = Release|Any CPU
		{E1C73F45-67D6-4F20-A399-AA1F6ACE1402}.Ad-Hoc|Any CPU.Deploy.0 = Release|Any CPU
		{E1C73F45-67D6-4F20-A399-AA1F6ACE1402}.Ad-Hoc|ARM.ActiveCfg = Debug|Any CPU
		{E1C73F45-67D6-4F20-A399-AA1F6ACE1402}.Ad-Hoc|iPhone.ActiveCfg = Debug|Any CPU
		{E1C73F45-67D6-4F20-A399-AA1F6ACE1402}.Ad-Hoc|iPhone.Build.0 = Debug|Any CPU
		{E1C73F45-67D6-4F20-A399-AA1F6ACE1402}.Ad-Hoc|iPhoneSimulator.ActiveCfg = Release|Any CPU
		{E1C73F45-67D6-4F20-A399-AA1F6ACE1402}.Ad-Hoc|x86.ActiveCfg = Debug|Any CPU
		{E1C73F45-67D6-4F20-A399-AA1F6ACE1402}.AppStore|Any CPU.ActiveCfg = Release|Any CPU
		{E1C73F45-67D6-4F20-A399-AA1F6ACE1402}.AppStore|Any CPU.Build.0 = Release|Any CPU
		{E1C73F45-67D6-4F20-A399-AA1F6ACE1402}.AppStore|Any CPU.Deploy.0 = Release|Any CPU
		{E1C73F45-67D6-4F20-A399-AA1F6ACE1402}.AppStore|ARM.ActiveCfg = Debug|Any CPU
		{E1C73F45-67D6-4F20-A399-AA1F6ACE1402}.AppStore|iPhone.ActiveCfg = Debug|Any CPU
		{E1C73F45-67D6-4F20-A399-AA1F6ACE1402}.AppStore|iPhone.Build.0 = Debug|Any CPU
		{E1C73F45-67D6-4F20-A399-AA1F6ACE1402}.AppStore|iPhoneSimulator.ActiveCfg = Release|Any CPU
		{E1C73F45-67D6-4F20-A399-AA1F6ACE1402}.AppStore|x86.ActiveCfg = Debug|Any CPU
		{E1C73F45-67D6-4F20-A399-AA1F6ACE1402}.Debug|Any CPU.ActiveCfg = Debug|Any CPU
		{E1C73F45-67D6-4F20-A399-AA1F6ACE1402}.Debug|Any CPU.Build.0 = Debug|Any CPU
		{E1C73F45-67D6-4F20-A399-AA1F6ACE1402}.Debug|ARM.ActiveCfg = Debug|Any CPU
		{E1C73F45-67D6-4F20-A399-AA1F6ACE1402}.Debug|iPhone.ActiveCfg = Debug|Any CPU
		{E1C73F45-67D6-4F20-A399-AA1F6ACE1402}.Debug|iPhone.Build.0 = Debug|Any CPU
		{E1C73F45-67D6-4F20-A399-AA1F6ACE1402}.Debug|iPhoneSimulator.ActiveCfg = Debug|Any CPU
		{E1C73F45-67D6-4F20-A399-AA1F6ACE1402}.Debug|iPhoneSimulator.Build.0 = Debug|Any CPU
		{E1C73F45-67D6-4F20-A399-AA1F6ACE1402}.Debug|x86.ActiveCfg = Debug|Any CPU
		{E1C73F45-67D6-4F20-A399-AA1F6ACE1402}.Release|Any CPU.ActiveCfg = Release|Any CPU
		{E1C73F45-67D6-4F20-A399-AA1F6ACE1402}.Release|Any CPU.Build.0 = Release|Any CPU
		{E1C73F45-67D6-4F20-A399-AA1F6ACE1402}.Release|ARM.ActiveCfg = Release|Any CPU
		{E1C73F45-67D6-4F20-A399-AA1F6ACE1402}.Release|iPhone.ActiveCfg = Release|Any CPU
		{E1C73F45-67D6-4F20-A399-AA1F6ACE1402}.Release|iPhone.Build.0 = Release|Any CPU
		{E1C73F45-67D6-4F20-A399-AA1F6ACE1402}.Release|iPhoneSimulator.ActiveCfg = Release|Any CPU
		{E1C73F45-67D6-4F20-A399-AA1F6ACE1402}.Release|iPhoneSimulator.Build.0 = Release|Any CPU
		{E1C73F45-67D6-4F20-A399-AA1F6ACE1402}.Release|x86.ActiveCfg = Release|Any CPU
		{A56A505A-DE11-41FE-B273-C6B9217BF445}.Ad-Hoc|Any CPU.ActiveCfg = Ad-Hoc|iPhone
		{A56A505A-DE11-41FE-B273-C6B9217BF445}.Ad-Hoc|ARM.ActiveCfg = Ad-Hoc|iPhone
		{A56A505A-DE11-41FE-B273-C6B9217BF445}.Ad-Hoc|iPhone.ActiveCfg = Ad-Hoc|iPhone
		{A56A505A-DE11-41FE-B273-C6B9217BF445}.Ad-Hoc|iPhone.Build.0 = Ad-Hoc|iPhone
		{A56A505A-DE11-41FE-B273-C6B9217BF445}.Ad-Hoc|iPhoneSimulator.ActiveCfg = Ad-Hoc|iPhone
		{A56A505A-DE11-41FE-B273-C6B9217BF445}.Ad-Hoc|x86.ActiveCfg = Ad-Hoc|iPhone
		{A56A505A-DE11-41FE-B273-C6B9217BF445}.AppStore|Any CPU.ActiveCfg = AppStore|iPhone
		{A56A505A-DE11-41FE-B273-C6B9217BF445}.AppStore|ARM.ActiveCfg = AppStore|iPhone
		{A56A505A-DE11-41FE-B273-C6B9217BF445}.AppStore|iPhone.ActiveCfg = AppStore|iPhone
		{A56A505A-DE11-41FE-B273-C6B9217BF445}.AppStore|iPhone.Build.0 = AppStore|iPhone
		{A56A505A-DE11-41FE-B273-C6B9217BF445}.AppStore|iPhoneSimulator.ActiveCfg = AppStore|iPhone
		{A56A505A-DE11-41FE-B273-C6B9217BF445}.AppStore|x86.ActiveCfg = AppStore|iPhone
		{A56A505A-DE11-41FE-B273-C6B9217BF445}.Debug|Any CPU.ActiveCfg = Debug|iPhoneSimulator
		{A56A505A-DE11-41FE-B273-C6B9217BF445}.Debug|Any CPU.Build.0 = Debug|iPhoneSimulator
		{A56A505A-DE11-41FE-B273-C6B9217BF445}.Debug|ARM.ActiveCfg = Debug|iPhone
		{A56A505A-DE11-41FE-B273-C6B9217BF445}.Debug|iPhone.ActiveCfg = Debug|iPhone
		{A56A505A-DE11-41FE-B273-C6B9217BF445}.Debug|iPhone.Build.0 = Debug|iPhone
		{A56A505A-DE11-41FE-B273-C6B9217BF445}.Debug|iPhoneSimulator.ActiveCfg = Debug|iPhoneSimulator
		{A56A505A-DE11-41FE-B273-C6B9217BF445}.Debug|iPhoneSimulator.Build.0 = Debug|iPhoneSimulator
		{A56A505A-DE11-41FE-B273-C6B9217BF445}.Debug|x86.ActiveCfg = Debug|iPhone
		{A56A505A-DE11-41FE-B273-C6B9217BF445}.Release|Any CPU.ActiveCfg = Release|iPhoneSimulator
		{A56A505A-DE11-41FE-B273-C6B9217BF445}.Release|Any CPU.Build.0 = Release|iPhoneSimulator
		{A56A505A-DE11-41FE-B273-C6B9217BF445}.Release|ARM.ActiveCfg = Release|iPhone
		{A56A505A-DE11-41FE-B273-C6B9217BF445}.Release|iPhone.ActiveCfg = Release|iPhone
		{A56A505A-DE11-41FE-B273-C6B9217BF445}.Release|iPhone.Build.0 = Release|iPhone
		{A56A505A-DE11-41FE-B273-C6B9217BF445}.Release|iPhoneSimulator.ActiveCfg = Release|iPhoneSimulator
		{A56A505A-DE11-41FE-B273-C6B9217BF445}.Release|iPhoneSimulator.Build.0 = Release|iPhoneSimulator
		{A56A505A-DE11-41FE-B273-C6B9217BF445}.Release|x86.ActiveCfg = Release|iPhone
		{DB4F4904-EF0D-4963-977C-A89690CD9F29}.Ad-Hoc|Any CPU.ActiveCfg = Release|Any CPU
		{DB4F4904-EF0D-4963-977C-A89690CD9F29}.Ad-Hoc|Any CPU.Build.0 = Release|Any CPU
		{DB4F4904-EF0D-4963-977C-A89690CD9F29}.Ad-Hoc|Any CPU.Deploy.0 = Release|Any CPU
		{DB4F4904-EF0D-4963-977C-A89690CD9F29}.Ad-Hoc|ARM.ActiveCfg = Release|ARM
		{DB4F4904-EF0D-4963-977C-A89690CD9F29}.Ad-Hoc|ARM.Build.0 = Release|ARM
		{DB4F4904-EF0D-4963-977C-A89690CD9F29}.Ad-Hoc|ARM.Deploy.0 = Release|ARM
		{DB4F4904-EF0D-4963-977C-A89690CD9F29}.Ad-Hoc|iPhone.ActiveCfg = Release|Any CPU
		{DB4F4904-EF0D-4963-977C-A89690CD9F29}.Ad-Hoc|iPhoneSimulator.ActiveCfg = Release|Any CPU
		{DB4F4904-EF0D-4963-977C-A89690CD9F29}.Ad-Hoc|x86.ActiveCfg = Release|x86
		{DB4F4904-EF0D-4963-977C-A89690CD9F29}.Ad-Hoc|x86.Build.0 = Release|x86
		{DB4F4904-EF0D-4963-977C-A89690CD9F29}.Ad-Hoc|x86.Deploy.0 = Release|x86
		{DB4F4904-EF0D-4963-977C-A89690CD9F29}.AppStore|Any CPU.ActiveCfg = Release|Any CPU
		{DB4F4904-EF0D-4963-977C-A89690CD9F29}.AppStore|Any CPU.Build.0 = Release|Any CPU
		{DB4F4904-EF0D-4963-977C-A89690CD9F29}.AppStore|Any CPU.Deploy.0 = Release|Any CPU
		{DB4F4904-EF0D-4963-977C-A89690CD9F29}.AppStore|ARM.ActiveCfg = Release|ARM
		{DB4F4904-EF0D-4963-977C-A89690CD9F29}.AppStore|ARM.Build.0 = Release|ARM
		{DB4F4904-EF0D-4963-977C-A89690CD9F29}.AppStore|ARM.Deploy.0 = Release|ARM
		{DB4F4904-EF0D-4963-977C-A89690CD9F29}.AppStore|iPhone.ActiveCfg = Release|Any CPU
		{DB4F4904-EF0D-4963-977C-A89690CD9F29}.AppStore|iPhoneSimulator.ActiveCfg = Release|Any CPU
		{DB4F4904-EF0D-4963-977C-A89690CD9F29}.AppStore|x86.ActiveCfg = Release|x86
		{DB4F4904-EF0D-4963-977C-A89690CD9F29}.AppStore|x86.Build.0 = Release|x86
		{DB4F4904-EF0D-4963-977C-A89690CD9F29}.AppStore|x86.Deploy.0 = Release|x86
		{DB4F4904-EF0D-4963-977C-A89690CD9F29}.Debug|Any CPU.ActiveCfg = Debug|Any CPU
		{DB4F4904-EF0D-4963-977C-A89690CD9F29}.Debug|Any CPU.Build.0 = Debug|Any CPU
		{DB4F4904-EF0D-4963-977C-A89690CD9F29}.Debug|Any CPU.Deploy.0 = Debug|Any CPU
		{DB4F4904-EF0D-4963-977C-A89690CD9F29}.Debug|ARM.ActiveCfg = Debug|ARM
		{DB4F4904-EF0D-4963-977C-A89690CD9F29}.Debug|ARM.Build.0 = Debug|ARM
		{DB4F4904-EF0D-4963-977C-A89690CD9F29}.Debug|ARM.Deploy.0 = Debug|ARM
		{DB4F4904-EF0D-4963-977C-A89690CD9F29}.Debug|iPhone.ActiveCfg = Debug|Any CPU
		{DB4F4904-EF0D-4963-977C-A89690CD9F29}.Debug|iPhoneSimulator.ActiveCfg = Debug|Any CPU
		{DB4F4904-EF0D-4963-977C-A89690CD9F29}.Debug|x86.ActiveCfg = Debug|x86
		{DB4F4904-EF0D-4963-977C-A89690CD9F29}.Debug|x86.Build.0 = Debug|x86
		{DB4F4904-EF0D-4963-977C-A89690CD9F29}.Debug|x86.Deploy.0 = Debug|x86
		{DB4F4904-EF0D-4963-977C-A89690CD9F29}.Release|Any CPU.ActiveCfg = Release|Any CPU
		{DB4F4904-EF0D-4963-977C-A89690CD9F29}.Release|Any CPU.Build.0 = Release|Any CPU
		{DB4F4904-EF0D-4963-977C-A89690CD9F29}.Release|Any CPU.Deploy.0 = Release|Any CPU
		{DB4F4904-EF0D-4963-977C-A89690CD9F29}.Release|ARM.ActiveCfg = Release|ARM
		{DB4F4904-EF0D-4963-977C-A89690CD9F29}.Release|ARM.Build.0 = Release|ARM
		{DB4F4904-EF0D-4963-977C-A89690CD9F29}.Release|ARM.Deploy.0 = Release|ARM
		{DB4F4904-EF0D-4963-977C-A89690CD9F29}.Release|iPhone.ActiveCfg = Release|Any CPU
		{DB4F4904-EF0D-4963-977C-A89690CD9F29}.Release|iPhoneSimulator.ActiveCfg = Release|Any CPU
		{DB4F4904-EF0D-4963-977C-A89690CD9F29}.Release|x86.ActiveCfg = Release|x86
		{DB4F4904-EF0D-4963-977C-A89690CD9F29}.Release|x86.Build.0 = Release|x86
		{DB4F4904-EF0D-4963-977C-A89690CD9F29}.Release|x86.Deploy.0 = Release|x86
	EndGlobalSection
	GlobalSection(SolutionProperties) = preSolution
		HideSolutionNode = FALSE
	EndGlobalSection
	GlobalSection(MonoDevelopProperties) = preSolution
		StartupItem = CommonLogic\CommonLogic.csproj
	EndGlobalSection
EndGlobal
