
Microsoft Visual Studio Solution File, Format Version 11.00
# Visual Studio 2010
Project("{FAE04EC0-301F-11D3-BF4B-00C04F79EFBC}") = "CommonLogic", "CommonLogic\CommonLogic.csproj", "{F24FDB91-C5A1-425D-8C03-4F1A75490CDD}"
EndProject
Project("{FAE04EC0-301F-11D3-BF4B-00C04F79EFBC}") = "UnitTest", "UnitTest\UnitTest.csproj", "{5093D062-E1B3-46C4-8720-88869B3BE083}"
EndProject
Global
	GlobalSection(SolutionConfigurationPlatforms) = preSolution
		Debug|Any CPU = Debug|Any CPU
		Release|Any CPU = Release|Any CPU
	EndGlobalSection
	GlobalSection(ProjectConfigurationPlatforms) = postSolution
		{5093D062-E1B3-46C4-8720-88869B3BE083}.Debug|Any CPU.ActiveCfg = Debug|Any CPU
		{5093D062-E1B3-46C4-8720-88869B3BE083}.Debug|Any CPU.Build.0 = Debug|Any CPU
		{5093D062-E1B3-46C4-8720-88869B3BE083}.Release|Any CPU.ActiveCfg = Release|Any CPU
		{5093D062-E1B3-46C4-8720-88869B3BE083}.Release|Any CPU.Build.0 = Release|Any CPU
		{F24FDB91-C5A1-425D-8C03-4F1A75490CDD}.Debug|Any CPU.ActiveCfg = Debug|Any CPU
		{F24FDB91-C5A1-425D-8C03-4F1A75490CDD}.Debug|Any CPU.Build.0 = Debug|Any CPU
		{F24FDB91-C5A1-425D-8C03-4F1A75490CDD}.Release|Any CPU.ActiveCfg = Release|Any CPU
		{F24FDB91-C5A1-425D-8C03-4F1A75490CDD}.Release|Any CPU.Build.0 = Release|Any CPU
	EndGlobalSection
	GlobalSection(MonoDevelopProperties) = preSolution
		StartupItem = CommonLogic\CommonLogic.csproj
	EndGlobalSection
EndGlobal
